
Microsoft Visual Studio Solution File, Format Version 12.00
# Visual Studio 2012
Project("{FAE04EC0-301F-11D3-BF4B-00C04F79EFBC}") = "SSinternational.presentation", "SSinternational.presentation\SSinternational.presentation.csproj", "{3B8316E0-4B79-4A65-B482-59FB41AF4A4B}"
EndProject
Project("{FAE04EC0-301F-11D3-BF4B-00C04F79EFBC}") = "SSinternational.business", "SSinternational.business\SSinternational.business.csproj", "{5E327858-DB99-4D40-B6FF-B146C3029CBA}"
EndProject
Project("{FAE04EC0-301F-11D3-BF4B-00C04F79EFBC}") = "SSinternational.service", "SSinternational.service\SSinternational.service.csproj", "{297E30BB-8355-4280-9B2E-1733E9223B09}"
EndProject
Project("{FAE04EC0-301F-11D3-BF4B-00C04F79EFBC}") = "SSinternational.dataaccess", "SSinternational.dataaccess\SSinternational.dataaccess.csproj", "{12A48764-585B-49F7-9FD8-E3B44FCD307E}"
EndProject
Project("{FAE04EC0-301F-11D3-BF4B-00C04F79EFBC}") = "SSinternational.viewmodel", "SSinternational.viewmodel\SSinternational.viewmodel.csproj", "{F335FE41-F0AD-4F29-9CFF-880C39E915CD}"
EndProject
Project("{FAE04EC0-301F-11D3-BF4B-00C04F79EFBC}") = "SSinternational.common", "SSinternational.common\SSinternational.common.csproj", "{B15E5846-548E-4940-BB95-2392B447D225}"
EndProject
Global
	GlobalSection(SolutionConfigurationPlatforms) = preSolution
		Debug|Any CPU = Debug|Any CPU
		Release|Any CPU = Release|Any CPU
	EndGlobalSection
	GlobalSection(ProjectConfigurationPlatforms) = postSolution
		{3B8316E0-4B79-4A65-B482-59FB41AF4A4B}.Debug|Any CPU.ActiveCfg = Debug|Any CPU
		{3B8316E0-4B79-4A65-B482-59FB41AF4A4B}.Debug|Any CPU.Build.0 = Debug|Any CPU
		{3B8316E0-4B79-4A65-B482-59FB41AF4A4B}.Release|Any CPU.ActiveCfg = Release|Any CPU
		{3B8316E0-4B79-4A65-B482-59FB41AF4A4B}.Release|Any CPU.Build.0 = Release|Any CPU
		{5E327858-DB99-4D40-B6FF-B146C3029CBA}.Debug|Any CPU.ActiveCfg = Debug|Any CPU
		{5E327858-DB99-4D40-B6FF-B146C3029CBA}.Debug|Any CPU.Build.0 = Debug|Any CPU
		{5E327858-DB99-4D40-B6FF-B146C3029CBA}.Release|Any CPU.ActiveCfg = Release|Any CPU
		{5E327858-DB99-4D40-B6FF-B146C3029CBA}.Release|Any CPU.Build.0 = Release|Any CPU
		{297E30BB-8355-4280-9B2E-1733E9223B09}.Debug|Any CPU.ActiveCfg = Debug|Any CPU
		{297E30BB-8355-4280-9B2E-1733E9223B09}.Debug|Any CPU.Build.0 = Debug|Any CPU
		{297E30BB-8355-4280-9B2E-1733E9223B09}.Release|Any CPU.ActiveCfg = Release|Any CPU
		{297E30BB-8355-4280-9B2E-1733E9223B09}.Release|Any CPU.Build.0 = Release|Any CPU
		{12A48764-585B-49F7-9FD8-E3B44FCD307E}.Debug|Any CPU.ActiveCfg = Debug|Any CPU
		{12A48764-585B-49F7-9FD8-E3B44FCD307E}.Debug|Any CPU.Build.0 = Debug|Any CPU
		{12A48764-585B-49F7-9FD8-E3B44FCD307E}.Release|Any CPU.ActiveCfg = Release|Any CPU
		{12A48764-585B-49F7-9FD8-E3B44FCD307E}.Release|Any CPU.Build.0 = Release|Any CPU
		{F335FE41-F0AD-4F29-9CFF-880C39E915CD}.Debug|Any CPU.ActiveCfg = Debug|Any CPU
		{F335FE41-F0AD-4F29-9CFF-880C39E915CD}.Debug|Any CPU.Build.0 = Debug|Any CPU
		{F335FE41-F0AD-4F29-9CFF-880C39E915CD}.Release|Any CPU.ActiveCfg = Release|Any CPU
		{F335FE41-F0AD-4F29-9CFF-880C39E915CD}.Release|Any CPU.Build.0 = Release|Any CPU
		{B15E5846-548E-4940-BB95-2392B447D225}.Debug|Any CPU.ActiveCfg = Debug|Any CPU
		{B15E5846-548E-4940-BB95-2392B447D225}.Debug|Any CPU.Build.0 = Debug|Any CPU
		{B15E5846-548E-4940-BB95-2392B447D225}.Release|Any CPU.ActiveCfg = Release|Any CPU
		{B15E5846-548E-4940-BB95-2392B447D225}.Release|Any CPU.Build.0 = Release|Any CPU
	EndGlobalSection
	GlobalSection(SolutionProperties) = preSolution
		HideSolutionNode = FALSE
	EndGlobalSection
EndGlobal
